
Microsoft Visual Studio Solution File, Format Version 12.00
# Visual Studio Version 17
VisualStudioVersion = 17.13.35617.110
MinimumVisualStudioVersion = 10.0.40219.1
Project("{F184B08F-C81C-45F6-A57F-5ABD9991F28F}") = "界面", "界面\界面.vbproj", "{1F3DB582-9330-4E83-93AD-5B3DEF3C48F7}"
EndProject
Project("{C7167F0D-BC9F-4E6E-AFE1-012C56B48DB5}") = "打包", "打包\打包.wapproj", "{9B7122FE-964B-4E47-9CF6-328D266D7C64}"
EndProject
Project("{8BC9CEB8-8B4A-11D0-8D11-00A0C91BC942}") = "内核", "内核\内核.vcxproj", "{A2E117DC-85D3-4C21-97B2-E5E6621FFB95}"
EndProject
Project("{2150E333-8FDC-42A3-9474-1A3956D46DE8}") = "解决方案项", "解决方案项", "{9FA3D6BD-1EC1-3BA5-80CB-CE02773A58D5}"
	ProjectSection(SolutionItems) = preProject
		.gitignore = .gitignore
	EndProjectSection
EndProject
Global
	GlobalSection(SolutionConfigurationPlatforms) = preSolution
		Debug|Any CPU = Debug|Any CPU
		Debug|ARM = Debug|ARM
		Debug|ARM64 = Debug|ARM64
		Debug|x64 = Debug|x64
		Debug|x86 = Debug|x86
		Release|Any CPU = Release|Any CPU
		Release|ARM = Release|ARM
		Release|ARM64 = Release|ARM64
		Release|x64 = Release|x64
		Release|x86 = Release|x86
	EndGlobalSection
	GlobalSection(ProjectConfigurationPlatforms) = postSolution
		{1F3DB582-9330-4E83-93AD-5B3DEF3C48F7}.Debug|Any CPU.ActiveCfg = Debug|Any CPU
		{1F3DB582-9330-4E83-93AD-5B3DEF3C48F7}.Debug|Any CPU.Build.0 = Debug|Any CPU
		{1F3DB582-9330-4E83-93AD-5B3DEF3C48F7}.Debug|ARM.ActiveCfg = Debug|Any CPU
		{1F3DB582-9330-4E83-93AD-5B3DEF3C48F7}.Debug|ARM.Build.0 = Debug|Any CPU
		{1F3DB582-9330-4E83-93AD-5B3DEF3C48F7}.Debug|ARM64.ActiveCfg = Debug|Any CPU
		{1F3DB582-9330-4E83-93AD-5B3DEF3C48F7}.Debug|ARM64.Build.0 = Debug|Any CPU
		{1F3DB582-9330-4E83-93AD-5B3DEF3C48F7}.Debug|x64.ActiveCfg = Debug|Any CPU
		{1F3DB582-9330-4E83-93AD-5B3DEF3C48F7}.Debug|x64.Build.0 = Debug|Any CPU
		{1F3DB582-9330-4E83-93AD-5B3DEF3C48F7}.Debug|x86.ActiveCfg = Debug|Any CPU
		{1F3DB582-9330-4E83-93AD-5B3DEF3C48F7}.Debug|x86.Build.0 = Debug|Any CPU
		{1F3DB582-9330-4E83-93AD-5B3DEF3C48F7}.Release|Any CPU.ActiveCfg = Release|Any CPU
		{1F3DB582-9330-4E83-93AD-5B3DEF3C48F7}.Release|Any CPU.Build.0 = Release|Any CPU
		{1F3DB582-9330-4E83-93AD-5B3DEF3C48F7}.Release|ARM.ActiveCfg = Release|Any CPU
		{1F3DB582-9330-4E83-93AD-5B3DEF3C48F7}.Release|ARM.Build.0 = Release|Any CPU
		{1F3DB582-9330-4E83-93AD-5B3DEF3C48F7}.Release|ARM64.ActiveCfg = Release|Any CPU
		{1F3DB582-9330-4E83-93AD-5B3DEF3C48F7}.Release|ARM64.Build.0 = Release|Any CPU
		{1F3DB582-9330-4E83-93AD-5B3DEF3C48F7}.Release|x64.ActiveCfg = Release|Any CPU
		{1F3DB582-9330-4E83-93AD-5B3DEF3C48F7}.Release|x64.Build.0 = Release|Any CPU
		{1F3DB582-9330-4E83-93AD-5B3DEF3C48F7}.Release|x86.ActiveCfg = Release|Any CPU
		{1F3DB582-9330-4E83-93AD-5B3DEF3C48F7}.Release|x86.Build.0 = Release|Any CPU
		{9B7122FE-964B-4E47-9CF6-328D266D7C64}.Debug|Any CPU.ActiveCfg = Debug|x64
		{9B7122FE-964B-4E47-9CF6-328D266D7C64}.Debug|Any CPU.Build.0 = Debug|x64
		{9B7122FE-964B-4E47-9CF6-328D266D7C64}.Debug|Any CPU.Deploy.0 = Debug|x64
		{9B7122FE-964B-4E47-9CF6-328D266D7C64}.Debug|ARM.ActiveCfg = Debug|ARM
		{9B7122FE-964B-4E47-9CF6-328D266D7C64}.Debug|ARM.Build.0 = Debug|ARM
		{9B7122FE-964B-4E47-9CF6-328D266D7C64}.Debug|ARM.Deploy.0 = Debug|ARM
		{9B7122FE-964B-4E47-9CF6-328D266D7C64}.Debug|ARM64.ActiveCfg = Debug|ARM64
		{9B7122FE-964B-4E47-9CF6-328D266D7C64}.Debug|ARM64.Build.0 = Debug|ARM64
		{9B7122FE-964B-4E47-9CF6-328D266D7C64}.Debug|ARM64.Deploy.0 = Debug|ARM64
		{9B7122FE-964B-4E47-9CF6-328D266D7C64}.Debug|x64.ActiveCfg = Debug|x64
		{9B7122FE-964B-4E47-9CF6-328D266D7C64}.Debug|x64.Build.0 = Debug|x64
		{9B7122FE-964B-4E47-9CF6-328D266D7C64}.Debug|x64.Deploy.0 = Debug|x64
		{9B7122FE-964B-4E47-9CF6-328D266D7C64}.Debug|x86.ActiveCfg = Debug|x86
		{9B7122FE-964B-4E47-9CF6-328D266D7C64}.Debug|x86.Build.0 = Debug|x86
		{9B7122FE-964B-4E47-9CF6-328D266D7C64}.Debug|x86.Deploy.0 = Debug|x86
		{9B7122FE-964B-4E47-9CF6-328D266D7C64}.Release|Any CPU.ActiveCfg = Release|Any CPU
		{9B7122FE-964B-4E47-9CF6-328D266D7C64}.Release|Any CPU.Build.0 = Release|Any CPU
		{9B7122FE-964B-4E47-9CF6-328D266D7C64}.Release|Any CPU.Deploy.0 = Release|Any CPU
		{9B7122FE-964B-4E47-9CF6-328D266D7C64}.Release|ARM.ActiveCfg = Release|ARM
		{9B7122FE-964B-4E47-9CF6-328D266D7C64}.Release|ARM.Build.0 = Release|ARM
		{9B7122FE-964B-4E47-9CF6-328D266D7C64}.Release|ARM.Deploy.0 = Release|ARM
		{9B7122FE-964B-4E47-9CF6-328D266D7C64}.Release|ARM64.ActiveCfg = Release|ARM64
		{9B7122FE-964B-4E47-9CF6-328D266D7C64}.Release|ARM64.Build.0 = Release|ARM64
		{9B7122FE-964B-4E47-9CF6-328D266D7C64}.Release|ARM64.Deploy.0 = Release|ARM64
		{9B7122FE-964B-4E47-9CF6-328D266D7C64}.Release|x64.ActiveCfg = Release|x64
		{9B7122FE-964B-4E47-9CF6-328D266D7C64}.Release|x64.Build.0 = Release|x64
		{9B7122FE-964B-4E47-9CF6-328D266D7C64}.Release|x64.Deploy.0 = Release|x64
		{9B7122FE-964B-4E47-9CF6-328D266D7C64}.Release|x86.ActiveCfg = Release|x86
		{9B7122FE-964B-4E47-9CF6-328D266D7C64}.Release|x86.Build.0 = Release|x86
		{9B7122FE-964B-4E47-9CF6-328D266D7C64}.Release|x86.Deploy.0 = Release|x86
		{A2E117DC-85D3-4C21-97B2-E5E6621FFB95}.Debug|Any CPU.ActiveCfg = Debug|x64
		{A2E117DC-85D3-4C21-97B2-E5E6621FFB95}.Debug|Any CPU.Build.0 = Debug|x64
		{A2E117DC-85D3-4C21-97B2-E5E6621FFB95}.Debug|ARM.ActiveCfg = Debug|x64
		{A2E117DC-85D3-4C21-97B2-E5E6621FFB95}.Debug|ARM.Build.0 = Debug|x64
		{A2E117DC-85D3-4C21-97B2-E5E6621FFB95}.Debug|ARM64.ActiveCfg = Debug|x64
		{A2E117DC-85D3-4C21-97B2-E5E6621FFB95}.Debug|ARM64.Build.0 = Debug|x64
		{A2E117DC-85D3-4C21-97B2-E5E6621FFB95}.Debug|x64.ActiveCfg = Debug|x64
		{A2E117DC-85D3-4C21-97B2-E5E6621FFB95}.Debug|x64.Build.0 = Debug|x64
		{A2E117DC-85D3-4C21-97B2-E5E6621FFB95}.Debug|x86.ActiveCfg = Debug|Win32
		{A2E117DC-85D3-4C21-97B2-E5E6621FFB95}.Debug|x86.Build.0 = Debug|Win32
		{A2E117DC-85D3-4C21-97B2-E5E6621FFB95}.Release|Any CPU.ActiveCfg = Release|x64
		{A2E117DC-85D3-4C21-97B2-E5E6621FFB95}.Release|Any CPU.Build.0 = Release|x64
		{A2E117DC-85D3-4C21-97B2-E5E6621FFB95}.Release|ARM.ActiveCfg = Release|x64
		{A2E117DC-85D3-4C21-97B2-E5E6621FFB95}.Release|ARM.Build.0 = Release|x64
		{A2E117DC-85D3-4C21-97B2-E5E6621FFB95}.Release|ARM64.ActiveCfg = Release|x64
		{A2E117DC-85D3-4C21-97B2-E5E6621FFB95}.Release|ARM64.Build.0 = Release|x64
		{A2E117DC-85D3-4C21-97B2-E5E6621FFB95}.Release|x64.ActiveCfg = Release|x64
		{A2E117DC-85D3-4C21-97B2-E5E6621FFB95}.Release|x64.Build.0 = Release|x64
		{A2E117DC-85D3-4C21-97B2-E5E6621FFB95}.Release|x86.ActiveCfg = Release|Win32
		{A2E117DC-85D3-4C21-97B2-E5E6621FFB95}.Release|x86.Build.0 = Release|Win32
	EndGlobalSection
	GlobalSection(SolutionProperties) = preSolution
		HideSolutionNode = FALSE
	EndGlobalSection
	GlobalSection(ExtensibilityGlobals) = postSolution
		SolutionGuid = {A54B5E9F-1419-43B7-B462-6F8B9A9A4FF1}
	EndGlobalSection
EndGlobal
